// !$*UTF8*$!
{
	archiveVersion = 1;
	classes = {
	};
	objectVersion = 50;
	objects = {

/* Begin PBXBuildFile section */
		004856A823EFF68E0098010D /* AppDelegate.swift in Sources */ = {isa = PBXBuildFile; fileRef = 004856A723EFF68E0098010D /* AppDelegate.swift */; };
		004856AA23EFF68E0098010D /* GameScene.sks in Resources */ = {isa = PBXBuildFile; fileRef = 004856A923EFF68E0098010D /* GameScene.sks */; };
		004856AC23EFF68E0098010D /* Actions.sks in Resources */ = {isa = PBXBuildFile; fileRef = 004856AB23EFF68E0098010D /* Actions.sks */; };
		004856AE23EFF68E0098010D /* GameScene.swift in Sources */ = {isa = PBXBuildFile; fileRef = 004856AD23EFF68E0098010D /* GameScene.swift */; };
		004856B023EFF68E0098010D /* GameViewController.swift in Sources */ = {isa = PBXBuildFile; fileRef = 004856AF23EFF68E0098010D /* GameViewController.swift */; };
		004856B323EFF68E0098010D /* Main.storyboard in Resources */ = {isa = PBXBuildFile; fileRef = 004856B123EFF68E0098010D /* Main.storyboard */; };
		004856B523EFF68F0098010D /* Assets.xcassets in Resources */ = {isa = PBXBuildFile; fileRef = 004856B423EFF68F0098010D /* Assets.xcassets */; };
		004856B823EFF68F0098010D /* LaunchScreen.storyboard in Resources */ = {isa = PBXBuildFile; fileRef = 004856B623EFF68F0098010D /* LaunchScreen.storyboard */; };
		004856C323EFF68F0098010D /* TestSpriteTests.swift in Sources */ = {isa = PBXBuildFile; fileRef = 004856C223EFF68F0098010D /* TestSpriteTests.swift */; };
		004856CE23EFF68F0098010D /* TestSpriteUITests.swift in Sources */ = {isa = PBXBuildFile; fileRef = 004856CD23EFF68F0098010D /* TestSpriteUITests.swift */; };
/* End PBXBuildFile section */

/* Begin PBXContainerItemProxy section */
		004856BF23EFF68F0098010D /* PBXContainerItemProxy */ = {
			isa = PBXContainerItemProxy;
			containerPortal = 0048569C23EFF68E0098010D /* Project object */;
			proxyType = 1;
			remoteGlobalIDString = 004856A323EFF68E0098010D;
			remoteInfo = TestSprite;
		};
		004856CA23EFF68F0098010D /* PBXContainerItemProxy */ = {
			isa = PBXContainerItemProxy;
			containerPortal = 0048569C23EFF68E0098010D /* Project object */;
			proxyType = 1;
			remoteGlobalIDString = 004856A323EFF68E0098010D;
			remoteInfo = TestSprite;
		};
/* End PBXContainerItemProxy section */

/* Begin PBXFileReference section */
		004856A423EFF68E0098010D /* TestSprite.app */ = {isa = PBXFileReference; explicitFileType = wrapper.application; includeInIndex = 0; path = TestSprite.app; sourceTree = BUILT_PRODUCTS_DIR; };
		004856A723EFF68E0098010D /* AppDelegate.swift */ = {isa = PBXFileReference; lastKnownFileType = sourcecode.swift; path = AppDelegate.swift; sourceTree = "<group>"; };
		004856A923EFF68E0098010D /* GameScene.sks */ = {isa = PBXFileReference; lastKnownFileType = file.sks; path = GameScene.sks; sourceTree = "<group>"; };
		004856AB23EFF68E0098010D /* Actions.sks */ = {isa = PBXFileReference; lastKnownFileType = file.sks; path = Actions.sks; sourceTree = "<group>"; };
		004856AD23EFF68E0098010D /* GameScene.swift */ = {isa = PBXFileReference; lastKnownFileType = sourcecode.swift; path = GameScene.swift; sourceTree = "<group>"; };
		004856AF23EFF68E0098010D /* GameViewController.swift */ = {isa = PBXFileReference; lastKnownFileType = sourcecode.swift; path = GameViewController.swift; sourceTree = "<group>"; };
		004856B223EFF68E0098010D /* Base */ = {isa = PBXFileReference; lastKnownFileType = file.storyboard; name = Base; path = Base.lproj/Main.storyboard; sourceTree = "<group>"; };
		004856B423EFF68F0098010D /* Assets.xcassets */ = {isa = PBXFileReference; lastKnownFileType = folder.assetcatalog; path = Assets.xcassets; sourceTree = "<group>"; };
		004856B723EFF68F0098010D /* Base */ = {isa = PBXFileReference; lastKnownFileType = file.storyboard; name = Base; path = Base.lproj/LaunchScreen.storyboard; sourceTree = "<group>"; };
		004856B923EFF68F0098010D /* Info.plist */ = {isa = PBXFileReference; lastKnownFileType = text.plist.xml; path = Info.plist; sourceTree = "<group>"; };
		004856BE23EFF68F0098010D /* TestSpriteTests.xctest */ = {isa = PBXFileReference; explicitFileType = wrapper.cfbundle; includeInIndex = 0; path = TestSpriteTests.xctest; sourceTree = BUILT_PRODUCTS_DIR; };
		004856C223EFF68F0098010D /* TestSpriteTests.swift */ = {isa = PBXFileReference; lastKnownFileType = sourcecode.swift; path = TestSpriteTests.swift; sourceTree = "<group>"; };
		004856C423EFF68F0098010D /* Info.plist */ = {isa = PBXFileReference; lastKnownFileType = text.plist.xml; path = Info.plist; sourceTree = "<group>"; };
		004856C923EFF68F0098010D /* TestSpriteUITests.xctest */ = {isa = PBXFileReference; explicitFileType = wrapper.cfbundle; includeInIndex = 0; path = TestSpriteUITests.xctest; sourceTree = BUILT_PRODUCTS_DIR; };
		004856CD23EFF68F0098010D /* TestSpriteUITests.swift */ = {isa = PBXFileReference; lastKnownFileType = sourcecode.swift; path = TestSpriteUITests.swift; sourceTree = "<group>"; };
		004856CF23EFF68F0098010D /* Info.plist */ = {isa = PBXFileReference; lastKnownFileType = text.plist.xml; path = Info.plist; sourceTree = "<group>"; };
/* End PBXFileReference section */

/* Begin PBXFrameworksBuildPhase section */
		004856A123EFF68E0098010D /* Frameworks */ = {
			isa = PBXFrameworksBuildPhase;
			buildActionMask = 2147483647;
			files = (
			);
			runOnlyForDeploymentPostprocessing = 0;
		};
		004856BB23EFF68F0098010D /* Frameworks */ = {
			isa = PBXFrameworksBuildPhase;
			buildActionMask = 2147483647;
			files = (
			);
			runOnlyForDeploymentPostprocessing = 0;
		};
		004856C623EFF68F0098010D /* Frameworks */ = {
			isa = PBXFrameworksBuildPhase;
			buildActionMask = 2147483647;
			files = (
			);
			runOnlyForDeploymentPostprocessing = 0;
		};
/* End PBXFrameworksBuildPhase section */

/* Begin PBXGroup section */
		0048569B23EFF68E0098010D = {
			isa = PBXGroup;
			children = (
				004856A623EFF68E0098010D /* TestSprite */,
				004856C123EFF68F0098010D /* TestSpriteTests */,
				004856CC23EFF68F0098010D /* TestSpriteUITests */,
				004856A523EFF68E0098010D /* Products */,
			);
			sourceTree = "<group>";
		};
		004856A523EFF68E0098010D /* Products */ = {
			isa = PBXGroup;
			children = (
				004856A423EFF68E0098010D /* TestSprite.app */,
				004856BE23EFF68F0098010D /* TestSpriteTests.xctest */,
				004856C923EFF68F0098010D /* TestSpriteUITests.xctest */,
			);
			name = Products;
			sourceTree = "<group>";
		};
		004856A623EFF68E0098010D /* TestSprite */ = {
			isa = PBXGroup;
			children = (
				004856A723EFF68E0098010D /* AppDelegate.swift */,
				004856A923EFF68E0098010D /* GameScene.sks */,
				004856AB23EFF68E0098010D /* Actions.sks */,
				004856AD23EFF68E0098010D /* GameScene.swift */,
				004856AF23EFF68E0098010D /* GameViewController.swift */,
				004856B123EFF68E0098010D /* Main.storyboard */,
				004856B423EFF68F0098010D /* Assets.xcassets */,
				004856B623EFF68F0098010D /* LaunchScreen.storyboard */,
				004856B923EFF68F0098010D /* Info.plist */,
			);
			path = TestSprite;
			sourceTree = "<group>";
		};
		004856C123EFF68F0098010D /* TestSpriteTests */ = {
			isa = PBXGroup;
			children = (
				004856C223EFF68F0098010D /* TestSpriteTests.swift */,
				004856C423EFF68F0098010D /* Info.plist */,
			);
			path = TestSpriteTests;
			sourceTree = "<group>";
		};
		004856CC23EFF68F0098010D /* TestSpriteUITests */ = {
			isa = PBXGroup;
			children = (
				004856CD23EFF68F0098010D /* TestSpriteUITests.swift */,
				004856CF23EFF68F0098010D /* Info.plist */,
			);
			path = TestSpriteUITests;
			sourceTree = "<group>";
		};
/* End PBXGroup section */

/* Begin PBXNativeTarget section */
		004856A323EFF68E0098010D /* TestSprite */ = {
			isa = PBXNativeTarget;
			buildConfigurationList = 004856D223EFF68F0098010D /* Build configuration list for PBXNativeTarget "TestSprite" */;
			buildPhases = (
				004856A023EFF68E0098010D /* Sources */,
				004856A123EFF68E0098010D /* Frameworks */,
				004856A223EFF68E0098010D /* Resources */,
			);
			buildRules = (
			);
			dependencies = (
			);
			name = TestSprite;
			productName = TestSprite;
			productReference = 004856A423EFF68E0098010D /* TestSprite.app */;
			productType = "com.apple.product-type.application";
		};
		004856BD23EFF68F0098010D /* TestSpriteTests */ = {
			isa = PBXNativeTarget;
			buildConfigurationList = 004856D523EFF68F0098010D /* Build configuration list for PBXNativeTarget "TestSpriteTests" */;
			buildPhases = (
				004856BA23EFF68F0098010D /* Sources */,
				004856BB23EFF68F0098010D /* Frameworks */,
				004856BC23EFF68F0098010D /* Resources */,
			);
			buildRules = (
			);
			dependencies = (
				004856C023EFF68F0098010D /* PBXTargetDependency */,
			);
			name = TestSpriteTests;
			productName = TestSpriteTests;
			productReference = 004856BE23EFF68F0098010D /* TestSpriteTests.xctest */;
			productType = "com.apple.product-type.bundle.unit-test";
		};
		004856C823EFF68F0098010D /* TestSpriteUITests */ = {
			isa = PBXNativeTarget;
			buildConfigurationList = 004856D823EFF68F0098010D /* Build configuration list for PBXNativeTarget "TestSpriteUITests" */;
			buildPhases = (
				004856C523EFF68F0098010D /* Sources */,
				004856C623EFF68F0098010D /* Frameworks */,
				004856C723EFF68F0098010D /* Resources */,
			);
			buildRules = (
			);
			dependencies = (
				004856CB23EFF68F0098010D /* PBXTargetDependency */,
			);
			name = TestSpriteUITests;
			productName = TestSpriteUITests;
			productReference = 004856C923EFF68F0098010D /* TestSpriteUITests.xctest */;
			productType = "com.apple.product-type.bundle.ui-testing";
		};
/* End PBXNativeTarget section */

/* Begin PBXProject section */
		0048569C23EFF68E0098010D /* Project object */ = {
			isa = PBXProject;
			attributes = {
				LastSwiftUpdateCheck = 1130;
				LastUpgradeCheck = 1130;
				ORGANIZATIONNAME = "Quentin Duquesne";
				TargetAttributes = {
					004856A323EFF68E0098010D = {
						CreatedOnToolsVersion = 11.3.1;
					};
					004856BD23EFF68F0098010D = {
						CreatedOnToolsVersion = 11.3.1;
						TestTargetID = 004856A323EFF68E0098010D;
					};
					004856C823EFF68F0098010D = {
						CreatedOnToolsVersion = 11.3.1;
						TestTargetID = 004856A323EFF68E0098010D;
					};
				};
			};
			buildConfigurationList = 0048569F23EFF68E0098010D /* Build configuration list for PBXProject "TestSprite" */;
			compatibilityVersion = "Xcode 9.3";
			developmentRegion = en;
			hasScannedForEncodings = 0;
			knownRegions = (
				en,
				Base,
			);
			mainGroup = 0048569B23EFF68E0098010D;
			productRefGroup = 004856A523EFF68E0098010D /* Products */;
			projectDirPath = "";
			projectRoot = "";
			targets = (
				004856A323EFF68E0098010D /* TestSprite */,
				004856BD23EFF68F0098010D /* TestSpriteTests */,
				004856C823EFF68F0098010D /* TestSpriteUITests */,
			);
		};
/* End PBXProject section */

/* Begin PBXResourcesBuildPhase section */
		004856A223EFF68E0098010D /* Resources */ = {
			isa = PBXResourcesBuildPhase;
			buildActionMask = 2147483647;
			files = (
				004856B323EFF68E0098010D /* Main.storyboard in Resources */,
				004856AA23EFF68E0098010D /* GameScene.sks in Resources */,
				004856B523EFF68F0098010D /* Assets.xcassets in Resources */,
				004856B823EFF68F0098010D /* LaunchScreen.storyboard in Resources */,
				004856AC23EFF68E0098010D /* Actions.sks in Resources */,
			);
			runOnlyForDeploymentPostprocessing = 0;
		};
		004856BC23EFF68F0098010D /* Resources */ = {
			isa = PBXResourcesBuildPhase;
			buildActionMask = 2147483647;
			files = (
			);
			runOnlyForDeploymentPostprocessing = 0;
		};
		004856C723EFF68F0098010D /* Resources */ = {
			isa = PBXResourcesBuildPhase;
			buildActionMask = 2147483647;
			files = (
			);
			runOnlyForDeploymentPostprocessing = 0;
		};
/* End PBXResourcesBuildPhase section */

/* Begin PBXSourcesBuildPhase section */
		004856A023EFF68E0098010D /* Sources */ = {
			isa = PBXSourcesBuildPhase;
			buildActionMask = 2147483647;
			files = (
				004856AE23EFF68E0098010D /* GameScene.swift in Sources */,
				004856B023EFF68E0098010D /* GameViewController.swift in Sources */,
				004856A823EFF68E0098010D /* AppDelegate.swift in Sources */,
			);
			runOnlyForDeploymentPostprocessing = 0;
		};
		004856BA23EFF68F0098010D /* Sources */ = {
			isa = PBXSourcesBuildPhase;
			buildActionMask = 2147483647;
			files = (
				004856C323EFF68F0098010D /* TestSpriteTests.swift in Sources */,
			);
			runOnlyForDeploymentPostprocessing = 0;
		};
		004856C523EFF68F0098010D /* Sources */ = {
			isa = PBXSourcesBuildPhase;
			buildActionMask = 2147483647;
			files = (
				004856CE23EFF68F0098010D /* TestSpriteUITests.swift in Sources */,
			);
			runOnlyForDeploymentPostprocessing = 0;
		};
/* End PBXSourcesBuildPhase section */

/* Begin PBXTargetDependency section */
		004856C023EFF68F0098010D /* PBXTargetDependency */ = {
			isa = PBXTargetDependency;
			target = 004856A323EFF68E0098010D /* TestSprite */;
			targetProxy = 004856BF23EFF68F0098010D /* PBXContainerItemProxy */;
		};
		004856CB23EFF68F0098010D /* PBXTargetDependency */ = {
			isa = PBXTargetDependency;
			target = 004856A323EFF68E0098010D /* TestSprite */;
			targetProxy = 004856CA23EFF68F0098010D /* PBXContainerItemProxy */;
		};
/* End PBXTargetDependency section */

/* Begin PBXVariantGroup section */
		004856B123EFF68E0098010D /* Main.storyboard */ = {
			isa = PBXVariantGroup;
			children = (
				004856B223EFF68E0098010D /* Base */,
			);
			name = Main.storyboard;
			sourceTree = "<group>";
		};
		004856B623EFF68F0098010D /* LaunchScreen.storyboard */ = {
			isa = PBXVariantGroup;
			children = (
				004856B723EFF68F0098010D /* Base */,
			);
			name = LaunchScreen.storyboard;
			sourceTree = "<group>";
		};
/* End PBXVariantGroup section */

/* Begin XCBuildConfiguration section */
		004856D023EFF68F0098010D /* Debug */ = {
			isa = XCBuildConfiguration;
			buildSettings = {
				ALWAYS_SEARCH_USER_PATHS = NO;
				CLANG_ANALYZER_NONNULL = YES;
				CLANG_ANALYZER_NUMBER_OBJECT_CONVERSION = YES_AGGRESSIVE;
				CLANG_CXX_LANGUAGE_STANDARD = "gnu++14";
				CLANG_CXX_LIBRARY = "libc++";
				CLANG_ENABLE_MODULES = YES;
				CLANG_ENABLE_OBJC_ARC = YES;
				CLANG_ENABLE_OBJC_WEAK = YES;
				CLANG_WARN_BLOCK_CAPTURE_AUTORELEASING = YES;
				CLANG_WARN_BOOL_CONVERSION = YES;
				CLANG_WARN_COMMA = YES;
				CLANG_WARN_CONSTANT_CONVERSION = YES;
				CLANG_WARN_DEPRECATED_OBJC_IMPLEMENTATIONS = YES;
				CLANG_WARN_DIRECT_OBJC_ISA_USAGE = YES_ERROR;
				CLANG_WARN_DOCUMENTATION_COMMENTS = YES;
				CLANG_WARN_EMPTY_BODY = YES;
				CLANG_WARN_ENUM_CONVERSION = YES;
				CLANG_WARN_INFINITE_RECURSION = YES;
				CLANG_WARN_INT_CONVERSION = YES;
				CLANG_WARN_NON_LITERAL_NULL_CONVERSION = YES;
				CLANG_WARN_OBJC_IMPLICIT_RETAIN_SELF = YES;
				CLANG_WARN_OBJC_LITERAL_CONVERSION = YES;
				CLANG_WARN_OBJC_ROOT_CLASS = YES_ERROR;
				CLANG_WARN_RANGE_LOOP_ANALYSIS = YES;
				CLANG_WARN_STRICT_PROTOTYPES = YES;
				CLANG_WARN_SUSPICIOUS_MOVE = YES;
				CLANG_WARN_UNGUARDED_AVAILABILITY = YES_AGGRESSIVE;
				CLANG_WARN_UNREACHABLE_CODE = YES;
				CLANG_WARN__DUPLICATE_METHOD_MATCH = YES;
				COPY_PHASE_STRIP = NO;
				DEBUG_INFORMATION_FORMAT = dwarf;
				ENABLE_STRICT_OBJC_MSGSEND = YES;
				ENABLE_TESTABILITY = YES;
				GCC_C_LANGUAGE_STANDARD = gnu11;
				GCC_DYNAMIC_NO_PIC = NO;
				GCC_NO_COMMON_BLOCKS = YES;
				GCC_OPTIMIZATION_LEVEL = 0;
				GCC_PREPROCESSOR_DEFINITIONS = (
					"DEBUG=1",
					"$(inherited)",
				);
				GCC_WARN_64_TO_32_BIT_CONVERSION = YES;
				GCC_WARN_ABOUT_RETURN_TYPE = YES_ERROR;
				GCC_WARN_UNDECLARED_SELECTOR = YES;
				GCC_WARN_UNINITIALIZED_AUTOS = YES_AGGRESSIVE;
				GCC_WARN_UNUSED_FUNCTION = YES;
				GCC_WARN_UNUSED_VARIABLE = YES;
				IPHONEOS_DEPLOYMENT_TARGET = 13.2;
				MTL_ENABLE_DEBUG_INFO = INCLUDE_SOURCE;
				MTL_FAST_MATH = YES;
				ONLY_ACTIVE_ARCH = YES;
				SDKROOT = iphoneos;
				SWIFT_ACTIVE_COMPILATION_CONDITIONS = DEBUG;
				SWIFT_OPTIMIZATION_LEVEL = "-Onone";
			};
			name = Debug;
		};
		004856D123EFF68F0098010D /* Release */ = {
			isa = XCBuildConfiguration;
			buildSettings = {
				ALWAYS_SEARCH_USER_PATHS = NO;
				CLANG_ANALYZER_NONNULL = YES;
				CLANG_ANALYZER_NUMBER_OBJECT_CONVERSION = YES_AGGRESSIVE;
				CLANG_CXX_LANGUAGE_STANDARD = "gnu++14";
				CLANG_CXX_LIBRARY = "libc++";
				CLANG_ENABLE_MODULES = YES;
				CLANG_ENABLE_OBJC_ARC = YES;
				CLANG_ENABLE_OBJC_WEAK = YES;
				CLANG_WARN_BLOCK_CAPTURE_AUTORELEASING = YES;
				CLANG_WARN_BOOL_CONVERSION = YES;
				CLANG_WARN_COMMA = YES;
				CLANG_WARN_CONSTANT_CONVERSION = YES;
				CLANG_WARN_DEPRECATED_OBJC_IMPLEMENTATIONS = YES;
				CLANG_WARN_DIRECT_OBJC_ISA_USAGE = YES_ERROR;
				CLANG_WARN_DOCUMENTATION_COMMENTS = YES;
				CLANG_WARN_EMPTY_BODY = YES;
				CLANG_WARN_ENUM_CONVERSION = YES;
				CLANG_WARN_INFINITE_RECURSION = YES;
				CLANG_WARN_INT_CONVERSION = YES;
				CLANG_WARN_NON_LITERAL_NULL_CONVERSION = YES;
				CLANG_WARN_OBJC_IMPLICIT_RETAIN_SELF = YES;
				CLANG_WARN_OBJC_LITERAL_CONVERSION = YES;
				CLANG_WARN_OBJC_ROOT_CLASS = YES_ERROR;
				CLANG_WARN_RANGE_LOOP_ANALYSIS = YES;
				CLANG_WARN_STRICT_PROTOTYPES = YES;
				CLANG_WARN_SUSPICIOUS_MOVE = YES;
				CLANG_WARN_UNGUARDED_AVAILABILITY = YES_AGGRESSIVE;
				CLANG_WARN_UNREACHABLE_CODE = YES;
				CLANG_WARN__DUPLICATE_METHOD_MATCH = YES;
				COPY_PHASE_STRIP = NO;
				DEBUG_INFORMATION_FORMAT = "dwarf-with-dsym";
				ENABLE_NS_ASSERTIONS = NO;
				ENABLE_STRICT_OBJC_MSGSEND = YES;
				GCC_C_LANGUAGE_STANDARD = gnu11;
				GCC_NO_COMMON_BLOCKS = YES;
				GCC_WARN_64_TO_32_BIT_CONVERSION = YES;
				GCC_WARN_ABOUT_RETURN_TYPE = YES_ERROR;
				GCC_WARN_UNDECLARED_SELECTOR = YES;
				GCC_WARN_UNINITIALIZED_AUTOS = YES_AGGRESSIVE;
				GCC_WARN_UNUSED_FUNCTION = YES;
				GCC_WARN_UNUSED_VARIABLE = YES;
				IPHONEOS_DEPLOYMENT_TARGET = 13.2;
				MTL_ENABLE_DEBUG_INFO = NO;
				MTL_FAST_MATH = YES;
				SDKROOT = iphoneos;
				SWIFT_COMPILATION_MODE = wholemodule;
				SWIFT_OPTIMIZATION_LEVEL = "-O";
				VALIDATE_PRODUCT = YES;
			};
			name = Release;
		};
		004856D323EFF68F0098010D /* Debug */ = {
			isa = XCBuildConfiguration;
			buildSettings = {
				ASSETCATALOG_COMPILER_APPICON_NAME = AppIcon;
				CODE_SIGN_STYLE = Automatic;
				DEVELOPMENT_TEAM = 967N6AN524;
				INFOPLIST_FILE = TestSprite/Info.plist;
				LD_RUNPATH_SEARCH_PATHS = (
					"$(inherited)",
					"@executable_path/Frameworks",
				);
				PRODUCT_BUNDLE_IDENTIFIER = theBigTipTheory.TestSprite;
				PRODUCT_NAME = "$(TARGET_NAME)";
				SWIFT_VERSION = 5.0;
				TARGETED_DEVICE_FAMILY = "1,2";
			};
			name = Debug;
		};
		004856D423EFF68F0098010D /* Release */ = {
			isa = XCBuildConfiguration;
			buildSettings = {
				ASSETCATALOG_COMPILER_APPICON_NAME = AppIcon;
				CODE_SIGN_STYLE = Automatic;
				DEVELOPMENT_TEAM = 967N6AN524;
				INFOPLIST_FILE = TestSprite/Info.plist;
				LD_RUNPATH_SEARCH_PATHS = (
					"$(inherited)",
					"@executable_path/Frameworks",
				);
				PRODUCT_BUNDLE_IDENTIFIER = theBigTipTheory.TestSprite;
				PRODUCT_NAME = "$(TARGET_NAME)";
				SWIFT_VERSION = 5.0;
				TARGETED_DEVICE_FAMILY = "1,2";
			};
			name = Release;
		};
		004856D623EFF68F0098010D /* Debug */ = {
			isa = XCBuildConfiguration;
			buildSettings = {
				ALWAYS_EMBED_SWIFT_STANDARD_LIBRARIES = YES;
				BUNDLE_LOADER = "$(TEST_HOST)";
				CODE_SIGN_STYLE = Automatic;
				DEVELOPMENT_TEAM = 967N6AN524;
				INFOPLIST_FILE = TestSpriteTests/Info.plist;
				IPHONEOS_DEPLOYMENT_TARGET = 13.2;
				LD_RUNPATH_SEARCH_PATHS = (
					"$(inherited)",
					"@executable_path/Frameworks",
					"@loader_path/Frameworks",
				);
				PRODUCT_BUNDLE_IDENTIFIER = theBigTipTheory.TestSpriteTests;
				PRODUCT_NAME = "$(TARGET_NAME)";
				SWIFT_VERSION = 5.0;
				TARGETED_DEVICE_FAMILY = "1,2";
				TEST_HOST = "$(BUILT_PRODUCTS_DIR)/TestSprite.app/TestSprite";
			};
			name = Debug;
		};
		004856D723EFF68F0098010D /* Release */ = {
			isa = XCBuildConfiguration;
			buildSettings = {
				ALWAYS_EMBED_SWIFT_STANDARD_LIBRARIES = YES;
				BUNDLE_LOADER = "$(TEST_HOST)";
				CODE_SIGN_STYLE = Automatic;
				DEVELOPMENT_TEAM = 967N6AN524;
				INFOPLIST_FILE = TestSpriteTests/Info.plist;
				IPHONEOS_DEPLOYMENT_TARGET = 13.2;
				LD_RUNPATH_SEARCH_PATHS = (
					"$(inherited)",
					"@executable_path/Frameworks",
					"@loader_path/Frameworks",
				);
				PRODUCT_BUNDLE_IDENTIFIER = theBigTipTheory.TestSpriteTests;
				PRODUCT_NAME = "$(TARGET_NAME)";
				SWIFT_VERSION = 5.0;
				TARGETED_DEVICE_FAMILY = "1,2";
				TEST_HOST = "$(BUILT_PRODUCTS_DIR)/TestSprite.app/TestSprite";
			};
			name = Release;
		};
		004856D923EFF68F0098010D /* Debug */ = {
			isa = XCBuildConfiguration;
			buildSettings = {
				ALWAYS_EMBED_SWIFT_STANDARD_LIBRARIES = YES;
				CODE_SIGN_STYLE = Automatic;
				DEVELOPMENT_TEAM = 967N6AN524;
				INFOPLIST_FILE = TestSpriteUITests/Info.plist;
				LD_RUNPATH_SEARCH_PATHS = (
					"$(inherited)",
					"@executable_path/Frameworks",
					"@loader_path/Frameworks",
				);
				PRODUCT_BUNDLE_IDENTIFIER = theBigTipTheory.TestSpriteUITests;
				PRODUCT_NAME = "$(TARGET_NAME)";
				SWIFT_VERSION = 5.0;
				TARGETED_DEVICE_FAMILY = "1,2";
				TEST_TARGET_NAME = TestSprite;
			};
			name = Debug;
		};
		004856DA23EFF68F0098010D /* Release */ = {
			isa = XCBuildConfiguration;
			buildSettings = {
				ALWAYS_EMBED_SWIFT_STANDARD_LIBRARIES = YES;
				CODE_SIGN_STYLE = Automatic;
				DEVELOPMENT_TEAM = 967N6AN524;
				INFOPLIST_FILE = TestSpriteUITests/Info.plist;
				LD_RUNPATH_SEARCH_PATHS = (
					"$(inherited)",
					"@executable_path/Frameworks",
					"@loader_path/Frameworks",
				);
				PRODUCT_BUNDLE_IDENTIFIER = theBigTipTheory.TestSpriteUITests;
				PRODUCT_NAME = "$(TARGET_NAME)";
				SWIFT_VERSION = 5.0;
				TARGETED_DEVICE_FAMILY = "1,2";
				TEST_TARGET_NAME = TestSprite;
			};
			name = Release;
		};
/* End XCBuildConfiguration section */

/* Begin XCConfigurationList section */
		0048569F23EFF68E0098010D /* Build configuration list for PBXProject "TestSprite" */ = {
			isa = XCConfigurationList;
			buildConfigurations = (
				004856D023EFF68F0098010D /* Debug */,
				004856D123EFF68F0098010D /* Release */,
			);
			defaultConfigurationIsVisible = 0;
			defaultConfigurationName = Release;
		};
		004856D223EFF68F0098010D /* Build configuration list for PBXNativeTarget "TestSprite" */ = {
			isa = XCConfigurationList;
			buildConfigurations = (
				004856D323EFF68F0098010D /* Debug */,
				004856D423EFF68F0098010D /* Release */,
			);
			defaultConfigurationIsVisible = 0;
			defaultConfigurationName = Release;
		};
		004856D523EFF68F0098010D /* Build configuration list for PBXNativeTarget "TestSpriteTests" */ = {
			isa = XCConfigurationList;
			buildConfigurations = (
				004856D623EFF68F0098010D /* Debug */,
				004856D723EFF68F0098010D /* Release */,
			);
			defaultConfigurationIsVisible = 0;
			defaultConfigurationName = Release;
		};
		004856D823EFF68F0098010D /* Build configuration list for PBXNativeTarget "TestSpriteUITests" */ = {
			isa = XCConfigurationList;
			buildConfigurations = (
				004856D923EFF68F0098010D /* Debug */,
				004856DA23EFF68F0098010D /* Release */,
			);
			defaultConfigurationIsVisible = 0;
			defaultConfigurationName = Release;
		};
/* End XCConfigurationList section */
	};
	rootObject = 0048569C23EFF68E0098010D /* Project object */;
}
